<?xml version="1.0" encoding="utf-8"?>
<Project ToolsVersion="4.0" xmlns="http://schemas.microsoft.com/developer/msbuild/2003">
  <ItemGroup>
    <Filter Include="Source Files">
      <UniqueIdentifier>{4FC737F1-C7A5-4376-A066-2A32D752A2FF}</UniqueIdentifier>
      <Extensions>cpp;c;cc;cxx;c++;cppm;ixx;def;odl;idl;hpj;bat;asm;asmx</Extensions>
    </Filter>
    <Filter Include="Header Files">
      <UniqueIdentifier>{93995380-89BD-4b04-88EB-625FBE52EBFB}</UniqueIdentifier>
      <Extensions>h;hh;hpp;hxx;h++;hm;inl;inc;ipp;xsd</Extensions>
    </Filter>
    <Filter Include="Resource Files">
      <UniqueIdentifier>{67DA6AB6-F800-4c08-8B7A-83BB121AAD01}</UniqueIdentifier>
      <Extensions>rc;ico;cur;bmp;dlg;rc2;rct;bin;rgs;gif;jpg;jpeg;jpe;resx;tiff;tif;png;wav;mfcribbon-ms</Extensions>
    </Filter>
    <Filter Include="App">
      <UniqueIdentifier>{cd334ed7-f8be-45bb-9603-a339a4bb21ae}</UniqueIdentifier>
    </Filter>
    <Filter Include="meshes">
      <UniqueIdentifier>{cfb3e8ad-25a1-4518-a6c3-c3615991370b}</UniqueIdentifier>
    </Filter>
    <Filter Include="objects">
      <UniqueIdentifier>{c88979a6-733d-45da-bc7b-cd6d15e4427d}</UniqueIdentifier>
    </Filter>
  </ItemGroup>
  <ItemGroup>
    <ClCompile Include="MainProj.cpp">
      <Filter>Source Files</Filter>
    </ClCompile>
    <ClCompile Include="glad.c">
      <Filter>Source Files</Filter>
    </ClCompile>
    <ClCompile Include="GameLoop.cpp">
      <Filter>App</Filter>
    </ClCompile>
    <ClCompile Include="InputHandle.cpp">
      <Filter>App</Filter>
    </ClCompile>
    <ClCompile Include="PreRender.cpp">
      <Filter>App</Filter>
    </ClCompile>
    <ClCompile Include="common.cpp">
      <Filter>App</Filter>
    </ClCompile>
    <ClCompile Include="texture.cpp">
      <Filter>App</Filter>
    </ClCompile>
    <ClCompile Include="utils.cpp">
      <Filter>App</Filter>
    </ClCompile>
    <ClCompile Include="imageloader.cpp">
      <Filter>App</Filter>
    </ClCompile>
    <ClCompile Include="Time.cpp">
      <Filter>App</Filter>
    </ClCompile>
    <ClCompile Include="skybox.cpp">
      <Filter>App</Filter>
    </ClCompile>
    <ClCompile Include="lighting.cpp">
      <Filter>App</Filter>
    </ClCompile>
    <ClCompile Include="object_.cpp">
      <Filter>objects</Filter>
    </ClCompile>
    <ClCompile Include="app.h">
      <Filter>Header Files</Filter>
    </ClCompile>
    <ClCompile Include="Dome.cpp">
      <Filter>objects</Filter>
    </ClCompile>
    <ClCompile Include="DepthMap.cpp">
      <Filter>App</Filter>
    </ClCompile>
    <ClCompile Include="audio.cpp">
      <Filter>App</Filter>
    </ClCompile>
    <ClCompile Include="backpack.cpp">
      <Filter>objects</Filter>
    </ClCompile>
    <ClCompile Include="Collision.cpp">
      <Filter>App</Filter>
    </ClCompile>
  </ItemGroup>
  <ItemGroup>
    <ClInclude Include="terrain.h">
      <Filter>meshes</Filter>
    </ClInclude>
    <ClInclude Include="object_.h">
      <Filter>Header Files</Filter>
    </ClInclude>
    <ClInclude Include="utils.h">
      <Filter>Header Files</Filter>
    </ClInclude>
    <ClInclude Include="Time.h">
      <Filter>Header Files</Filter>
    </ClInclude>
    <ClInclude Include="texture.h">
      <Filter>Header Files</Filter>
    </ClInclude>
    <ClInclude Include="skybox.h">
      <Filter>Header Files</Filter>
    </ClInclude>
    <ClInclude Include="PreRender.h">
      <Filter>Header Files</Filter>
    </ClInclude>
    <ClInclude Include="lighting.h">
      <Filter>Header Files</Filter>
    </ClInclude>
    <ClInclude Include="InputHandle.h">
      <Filter>Header Files</Filter>
    </ClInclude>
    <ClInclude Include="imageloader.h">
      <Filter>Header Files</Filter>
    </ClInclude>
    <ClInclude Include="GameLoop.h">
      <Filter>Header Files</Filter>
    </ClInclude>
    <ClInclude Include="common.h">
      <Filter>Header Files</Filter>
    </ClInclude>
    <ClInclude Include="Dome.h">
      <Filter>Header Files</Filter>
    </ClInclude>
    <ClInclude Include="DepthMap.h">
      <Filter>Header Files</Filter>
    </ClInclude>
    <ClInclude Include="audio.h">
      <Filter>Header Files</Filter>
    </ClInclude>
    <ClInclude Include="backpack.h">
      <Filter>Header Files</Filter>
    </ClInclude>
    <ClInclude Include="Collision.h">
      <Filter>Header Files</Filter>
    </ClInclude>
  </ItemGroup>
</Project>